
Microsoft Visual Studio Solution File, Format Version 12.00
# Visual Studio Version 17
VisualStudioVersion = 17.3.32929.385
MinimumVisualStudioVersion = 10.0.40219.1
Project("{FAE04EC0-301F-11D3-BF4B-00C04F79EFBC}") = "Swap Two Numbers", "Swap Two Numbers\Swap Two Numbers.csproj", "{B54342B2-B1E0-4B5F-B8DA-9DFF9206DD79}"
EndProject
Global
	GlobalSection(SolutionConfigurationPlatforms) = preSolution
		Debug|Any CPU = Debug|Any CPU
		Release|Any CPU = Release|Any CPU
	EndGlobalSection
	GlobalSection(ProjectConfigurationPlatforms) = postSolution
		{B54342B2-B1E0-4B5F-B8DA-9DFF9206DD79}.Debug|Any CPU.ActiveCfg = Debug|Any CPU
		{B54342B2-B1E0-4B5F-B8DA-9DFF9206DD79}.Debug|Any CPU.Build.0 = Debug|Any CPU
		{B54342B2-B1E0-4B5F-B8DA-9DFF9206DD79}.Release|Any CPU.ActiveCfg = Release|Any CPU
		{B54342B2-B1E0-4B5F-B8DA-9DFF9206DD79}.Release|Any CPU.Build.0 = Release|Any CPU
	EndGlobalSection
	GlobalSection(SolutionProperties) = preSolution
		HideSolutionNode = FALSE
	EndGlobalSection
	GlobalSection(ExtensibilityGlobals) = postSolution
		SolutionGuid = {EA5DE2B5-916D-4E98-96B6-BF921B430816}
	EndGlobalSection
EndGlobal
