
Microsoft Visual Studio Solution File, Format Version 12.00
# Visual Studio Version 17
VisualStudioVersion = 17.3.32929.385
MinimumVisualStudioVersion = 10.0.40219.1
Project("{FAE04EC0-301F-11D3-BF4B-00C04F79EFBC}") = "Compute Prime Factors of number N", "Compute Prime Factors of number N\Compute Prime Factors of number N.csproj", "{2F820166-4F99-4925-A35B-877D4A27BC1A}"
EndProject
Global
	GlobalSection(SolutionConfigurationPlatforms) = preSolution
		Debug|Any CPU = Debug|Any CPU
		Release|Any CPU = Release|Any CPU
	EndGlobalSection
	GlobalSection(ProjectConfigurationPlatforms) = postSolution
		{2F820166-4F99-4925-A35B-877D4A27BC1A}.Debug|Any CPU.ActiveCfg = Debug|Any CPU
		{2F820166-4F99-4925-A35B-877D4A27BC1A}.Debug|Any CPU.Build.0 = Debug|Any CPU
		{2F820166-4F99-4925-A35B-877D4A27BC1A}.Release|Any CPU.ActiveCfg = Release|Any CPU
		{2F820166-4F99-4925-A35B-877D4A27BC1A}.Release|Any CPU.Build.0 = Release|Any CPU
	EndGlobalSection
	GlobalSection(SolutionProperties) = preSolution
		HideSolutionNode = FALSE
	EndGlobalSection
	GlobalSection(ExtensibilityGlobals) = postSolution
		SolutionGuid = {B10BAA9B-7E1D-4514-BF5F-91DDDCD9CA55}
	EndGlobalSection
EndGlobal
